
Microsoft Visual Studio Solution File, Format Version 12.00
# Visual Studio Version 16
VisualStudioVersion = 16.0.29806.167
MinimumVisualStudioVersion = 10.0.40219.1
Project("{FAE04EC0-301F-11D3-BF4B-00C04F79EFBC}") = "Snake Game", "Snake Game\Snake Game.csproj", "{B97D799E-A9C9-4365-BDD5-1D8DAFEB984D}"
EndProject
Global
	GlobalSection(SolutionConfigurationPlatforms) = preSolution
		Debug|Any CPU = Debug|Any CPU
		Release|Any CPU = Release|Any CPU
	EndGlobalSection
	GlobalSection(ProjectConfigurationPlatforms) = postSolution
		{B97D799E-A9C9-4365-BDD5-1D8DAFEB984D}.Debug|Any CPU.ActiveCfg = Debug|Any CPU
		{B97D799E-A9C9-4365-BDD5-1D8DAFEB984D}.Debug|Any CPU.Build.0 = Debug|Any CPU
		{B97D799E-A9C9-4365-BDD5-1D8DAFEB984D}.Release|Any CPU.ActiveCfg = Release|Any CPU
		{B97D799E-A9C9-4365-BDD5-1D8DAFEB984D}.Release|Any CPU.Build.0 = Release|Any CPU
	EndGlobalSection
	GlobalSection(SolutionProperties) = preSolution
		HideSolutionNode = FALSE
	EndGlobalSection
	GlobalSection(ExtensibilityGlobals) = postSolution
		SolutionGuid = {98FF2C5E-571A-494F-8BB3-2B843060169A}
	EndGlobalSection
EndGlobal
